
Microsoft Visual Studio Solution File, Format Version 11.00
# Visual Studio 2010
Project("{8BC9CEB8-8B4A-11D0-8D11-00A0C91BC942}") = "Exerc1", "Exerc1\Exerc1.vcxproj", "{947C3FBF-6E08-459B-90C2-C56DDF0AF068}"
EndProject
Project("{FAE04EC0-301F-11D3-BF4B-00C04F79EFBC}") = "Exerc1-CLI", "Exerc1-CLI\Exerc1-CLI.csproj", "{1DD599F8-308A-4E35-BE6B-B761E0360F60}"
EndProject
Project("{FAE04EC0-301F-11D3-BF4B-00C04F79EFBC}") = "Exerc4", "Exerc4\Exerc4.csproj", "{49695226-C34E-4DAD-A881-FC21B9814DA0}"
EndProject
Project("{FAE04EC0-301F-11D3-BF4B-00C04F79EFBC}") = "SyncUtils", "SyncUtils\SyncUtils.csproj", "{F2BB700B-C2A7-4D5E-A0DA-BF05D5209D60}"
EndProject
Project("{FAE04EC0-301F-11D3-BF4B-00C04F79EFBC}") = "Exerc5", "Exerc5\Exerc5.csproj", "{72229BBE-8393-4658-99A3-B9490AF79C93}"
EndProject
Global
	GlobalSection(SolutionConfigurationPlatforms) = preSolution
		Debug|Any CPU = Debug|Any CPU
		Debug|Mixed Platforms = Debug|Mixed Platforms
		Debug|Win32 = Debug|Win32
		Debug|x86 = Debug|x86
		Release|Any CPU = Release|Any CPU
		Release|Mixed Platforms = Release|Mixed Platforms
		Release|Win32 = Release|Win32
		Release|x86 = Release|x86
	EndGlobalSection
	GlobalSection(ProjectConfigurationPlatforms) = postSolution
		{947C3FBF-6E08-459B-90C2-C56DDF0AF068}.Debug|Any CPU.ActiveCfg = Debug|Win32
		{947C3FBF-6E08-459B-90C2-C56DDF0AF068}.Debug|Mixed Platforms.ActiveCfg = Debug|Win32
		{947C3FBF-6E08-459B-90C2-C56DDF0AF068}.Debug|Mixed Platforms.Build.0 = Debug|Win32
		{947C3FBF-6E08-459B-90C2-C56DDF0AF068}.Debug|Win32.ActiveCfg = Debug|Win32
		{947C3FBF-6E08-459B-90C2-C56DDF0AF068}.Debug|Win32.Build.0 = Debug|Win32
		{947C3FBF-6E08-459B-90C2-C56DDF0AF068}.Debug|x86.ActiveCfg = Debug|Win32
		{947C3FBF-6E08-459B-90C2-C56DDF0AF068}.Release|Any CPU.ActiveCfg = Release|Win32
		{947C3FBF-6E08-459B-90C2-C56DDF0AF068}.Release|Mixed Platforms.ActiveCfg = Release|Win32
		{947C3FBF-6E08-459B-90C2-C56DDF0AF068}.Release|Mixed Platforms.Build.0 = Release|Win32
		{947C3FBF-6E08-459B-90C2-C56DDF0AF068}.Release|Win32.ActiveCfg = Release|Win32
		{947C3FBF-6E08-459B-90C2-C56DDF0AF068}.Release|Win32.Build.0 = Release|Win32
		{947C3FBF-6E08-459B-90C2-C56DDF0AF068}.Release|x86.ActiveCfg = Release|Win32
		{1DD599F8-308A-4E35-BE6B-B761E0360F60}.Debug|Any CPU.ActiveCfg = Debug|x86
		{1DD599F8-308A-4E35-BE6B-B761E0360F60}.Debug|Mixed Platforms.ActiveCfg = Debug|x86
		{1DD599F8-308A-4E35-BE6B-B761E0360F60}.Debug|Mixed Platforms.Build.0 = Debug|x86
		{1DD599F8-308A-4E35-BE6B-B761E0360F60}.Debug|Win32.ActiveCfg = Debug|x86
		{1DD599F8-308A-4E35-BE6B-B761E0360F60}.Debug|x86.ActiveCfg = Debug|x86
		{1DD599F8-308A-4E35-BE6B-B761E0360F60}.Debug|x86.Build.0 = Debug|x86
		{1DD599F8-308A-4E35-BE6B-B761E0360F60}.Release|Any CPU.ActiveCfg = Release|x86
		{1DD599F8-308A-4E35-BE6B-B761E0360F60}.Release|Mixed Platforms.ActiveCfg = Release|x86
		{1DD599F8-308A-4E35-BE6B-B761E0360F60}.Release|Mixed Platforms.Build.0 = Release|x86
		{1DD599F8-308A-4E35-BE6B-B761E0360F60}.Release|Win32.ActiveCfg = Release|x86
		{1DD599F8-308A-4E35-BE6B-B761E0360F60}.Release|x86.ActiveCfg = Release|x86
		{1DD599F8-308A-4E35-BE6B-B761E0360F60}.Release|x86.Build.0 = Release|x86
		{49695226-C34E-4DAD-A881-FC21B9814DA0}.Debug|Any CPU.ActiveCfg = Debug|x86
		{49695226-C34E-4DAD-A881-FC21B9814DA0}.Debug|Mixed Platforms.ActiveCfg = Debug|x86
		{49695226-C34E-4DAD-A881-FC21B9814DA0}.Debug|Mixed Platforms.Build.0 = Debug|x86
		{49695226-C34E-4DAD-A881-FC21B9814DA0}.Debug|Win32.ActiveCfg = Debug|x86
		{49695226-C34E-4DAD-A881-FC21B9814DA0}.Debug|x86.ActiveCfg = Debug|x86
		{49695226-C34E-4DAD-A881-FC21B9814DA0}.Debug|x86.Build.0 = Debug|x86
		{49695226-C34E-4DAD-A881-FC21B9814DA0}.Release|Any CPU.ActiveCfg = Release|x86
		{49695226-C34E-4DAD-A881-FC21B9814DA0}.Release|Mixed Platforms.ActiveCfg = Release|x86
		{49695226-C34E-4DAD-A881-FC21B9814DA0}.Release|Mixed Platforms.Build.0 = Release|x86
		{49695226-C34E-4DAD-A881-FC21B9814DA0}.Release|Win32.ActiveCfg = Release|x86
		{49695226-C34E-4DAD-A881-FC21B9814DA0}.Release|x86.ActiveCfg = Release|x86
		{49695226-C34E-4DAD-A881-FC21B9814DA0}.Release|x86.Build.0 = Release|x86
		{F2BB700B-C2A7-4D5E-A0DA-BF05D5209D60}.Debug|Any CPU.ActiveCfg = Debug|Any CPU
		{F2BB700B-C2A7-4D5E-A0DA-BF05D5209D60}.Debug|Any CPU.Build.0 = Debug|Any CPU
		{F2BB700B-C2A7-4D5E-A0DA-BF05D5209D60}.Debug|Mixed Platforms.ActiveCfg = Debug|Any CPU
		{F2BB700B-C2A7-4D5E-A0DA-BF05D5209D60}.Debug|Mixed Platforms.Build.0 = Debug|Any CPU
		{F2BB700B-C2A7-4D5E-A0DA-BF05D5209D60}.Debug|Win32.ActiveCfg = Debug|Any CPU
		{F2BB700B-C2A7-4D5E-A0DA-BF05D5209D60}.Debug|x86.ActiveCfg = Debug|Any CPU
		{F2BB700B-C2A7-4D5E-A0DA-BF05D5209D60}.Release|Any CPU.ActiveCfg = Release|Any CPU
		{F2BB700B-C2A7-4D5E-A0DA-BF05D5209D60}.Release|Any CPU.Build.0 = Release|Any CPU
		{F2BB700B-C2A7-4D5E-A0DA-BF05D5209D60}.Release|Mixed Platforms.ActiveCfg = Release|Any CPU
		{F2BB700B-C2A7-4D5E-A0DA-BF05D5209D60}.Release|Mixed Platforms.Build.0 = Release|Any CPU
		{F2BB700B-C2A7-4D5E-A0DA-BF05D5209D60}.Release|Win32.ActiveCfg = Release|Any CPU
		{F2BB700B-C2A7-4D5E-A0DA-BF05D5209D60}.Release|x86.ActiveCfg = Release|Any CPU
		{72229BBE-8393-4658-99A3-B9490AF79C93}.Debug|Any CPU.ActiveCfg = Debug|x86
		{72229BBE-8393-4658-99A3-B9490AF79C93}.Debug|Mixed Platforms.ActiveCfg = Debug|x86
		{72229BBE-8393-4658-99A3-B9490AF79C93}.Debug|Mixed Platforms.Build.0 = Debug|x86
		{72229BBE-8393-4658-99A3-B9490AF79C93}.Debug|Win32.ActiveCfg = Debug|x86
		{72229BBE-8393-4658-99A3-B9490AF79C93}.Debug|x86.ActiveCfg = Debug|x86
		{72229BBE-8393-4658-99A3-B9490AF79C93}.Debug|x86.Build.0 = Debug|x86
		{72229BBE-8393-4658-99A3-B9490AF79C93}.Release|Any CPU.ActiveCfg = Release|x86
		{72229BBE-8393-4658-99A3-B9490AF79C93}.Release|Mixed Platforms.ActiveCfg = Release|x86
		{72229BBE-8393-4658-99A3-B9490AF79C93}.Release|Mixed Platforms.Build.0 = Release|x86
		{72229BBE-8393-4658-99A3-B9490AF79C93}.Release|Win32.ActiveCfg = Release|x86
		{72229BBE-8393-4658-99A3-B9490AF79C93}.Release|x86.ActiveCfg = Release|x86
		{72229BBE-8393-4658-99A3-B9490AF79C93}.Release|x86.Build.0 = Release|x86
	EndGlobalSection
	GlobalSection(SolutionProperties) = preSolution
		HideSolutionNode = FALSE
	EndGlobalSection
EndGlobal
